
Microsoft Visual Studio Solution File, Format Version 12.00
# Visual Studio Version 16
VisualStudioVersion = 16.0.31729.503
MinimumVisualStudioVersion = 10.0.40219.1
Project("{FAE04EC0-301F-11D3-BF4B-00C04F79EFBC}") = "WebApplication58", "WebApplication58\WebApplication58.csproj", "{D8C50B49-EEAC-4D5B-9B93-8C41BBEFED73}"
EndProject
Global
	GlobalSection(SolutionConfigurationPlatforms) = preSolution
		Debug|Any CPU = Debug|Any CPU
		Release|Any CPU = Release|Any CPU
	EndGlobalSection
	GlobalSection(ProjectConfigurationPlatforms) = postSolution
		{D8C50B49-EEAC-4D5B-9B93-8C41BBEFED73}.Debug|Any CPU.ActiveCfg = Debug|Any CPU
		{D8C50B49-EEAC-4D5B-9B93-8C41BBEFED73}.Debug|Any CPU.Build.0 = Debug|Any CPU
		{D8C50B49-EEAC-4D5B-9B93-8C41BBEFED73}.Release|Any CPU.ActiveCfg = Release|Any CPU
		{D8C50B49-EEAC-4D5B-9B93-8C41BBEFED73}.Release|Any CPU.Build.0 = Release|Any CPU
	EndGlobalSection
	GlobalSection(SolutionProperties) = preSolution
		HideSolutionNode = FALSE
	EndGlobalSection
	GlobalSection(ExtensibilityGlobals) = postSolution
		SolutionGuid = {046F0987-31F1-4E16-802A-EFB4852F1FE2}
	EndGlobalSection
EndGlobal
